
Microsoft Visual Studio Solution File, Format Version 12.00
# Visual Studio Version 16
VisualStudioVersion = 16.0.32228.343
MinimumVisualStudioVersion = 10.0.40219.1
Project("{FAE04EC0-301F-11D3-BF4B-00C04F79EFBC}") = "MethodsExercise1", "MethodsExercise1\MethodsExercise1.csproj", "{6467E371-9B85-46DA-8801-F14034B957DD}"
EndProject
Global
	GlobalSection(SolutionConfigurationPlatforms) = preSolution
		Debug|Any CPU = Debug|Any CPU
		Release|Any CPU = Release|Any CPU
	EndGlobalSection
	GlobalSection(ProjectConfigurationPlatforms) = postSolution
		{6467E371-9B85-46DA-8801-F14034B957DD}.Debug|Any CPU.ActiveCfg = Debug|Any CPU
		{6467E371-9B85-46DA-8801-F14034B957DD}.Debug|Any CPU.Build.0 = Debug|Any CPU
		{6467E371-9B85-46DA-8801-F14034B957DD}.Release|Any CPU.ActiveCfg = Release|Any CPU
		{6467E371-9B85-46DA-8801-F14034B957DD}.Release|Any CPU.Build.0 = Release|Any CPU
	EndGlobalSection
	GlobalSection(SolutionProperties) = preSolution
		HideSolutionNode = FALSE
	EndGlobalSection
	GlobalSection(ExtensibilityGlobals) = postSolution
		SolutionGuid = {5DCE0D4A-17E2-4293-BD9D-08AB9E761397}
	EndGlobalSection
EndGlobal
